
Microsoft Visual Studio Solution File, Format Version 12.00
# Visual Studio Version 16
VisualStudioVersion = 16.0.30711.63
MinimumVisualStudioVersion = 10.0.40219.1
Project("{FAE04EC0-301F-11D3-BF4B-00C04F79EFBC}") = "Masengger", "Masengger.csproj", "{ABBD937E-6390-495B-8D7A-EB8D1DC9639D}"
EndProject
Project("{FAE04EC0-301F-11D3-BF4B-00C04F79EFBC}") = "MasenggerClient", "..\MasenggerClient\MasenggerClient.csproj", "{C54ABBD8-FFBC-40CD-9A3D-EF8A72790A6B}"
EndProject
Project("{FAE04EC0-301F-11D3-BF4B-00C04F79EFBC}") = "MasenggerModel", "..\MasenggerModel\MasenggerModel.csproj", "{1096FA0D-DFD4-475F-91F7-715404B3DFFC}"
EndProject
Global
	GlobalSection(SolutionConfigurationPlatforms) = preSolution
		Debug|Any CPU = Debug|Any CPU
		Release|Any CPU = Release|Any CPU
	EndGlobalSection
	GlobalSection(ProjectConfigurationPlatforms) = postSolution
		{ABBD937E-6390-495B-8D7A-EB8D1DC9639D}.Debug|Any CPU.ActiveCfg = Debug|Any CPU
		{ABBD937E-6390-495B-8D7A-EB8D1DC9639D}.Debug|Any CPU.Build.0 = Debug|Any CPU
		{ABBD937E-6390-495B-8D7A-EB8D1DC9639D}.Release|Any CPU.ActiveCfg = Release|Any CPU
		{ABBD937E-6390-495B-8D7A-EB8D1DC9639D}.Release|Any CPU.Build.0 = Release|Any CPU
		{C54ABBD8-FFBC-40CD-9A3D-EF8A72790A6B}.Debug|Any CPU.ActiveCfg = Debug|Any CPU
		{C54ABBD8-FFBC-40CD-9A3D-EF8A72790A6B}.Debug|Any CPU.Build.0 = Debug|Any CPU
		{C54ABBD8-FFBC-40CD-9A3D-EF8A72790A6B}.Release|Any CPU.ActiveCfg = Release|Any CPU
		{C54ABBD8-FFBC-40CD-9A3D-EF8A72790A6B}.Release|Any CPU.Build.0 = Release|Any CPU
		{1096FA0D-DFD4-475F-91F7-715404B3DFFC}.Debug|Any CPU.ActiveCfg = Debug|Any CPU
		{1096FA0D-DFD4-475F-91F7-715404B3DFFC}.Debug|Any CPU.Build.0 = Debug|Any CPU
		{1096FA0D-DFD4-475F-91F7-715404B3DFFC}.Release|Any CPU.ActiveCfg = Release|Any CPU
		{1096FA0D-DFD4-475F-91F7-715404B3DFFC}.Release|Any CPU.Build.0 = Release|Any CPU
	EndGlobalSection
	GlobalSection(SolutionProperties) = preSolution
		HideSolutionNode = FALSE
	EndGlobalSection
	GlobalSection(ExtensibilityGlobals) = postSolution
		SolutionGuid = {3ED45BA0-F46F-41BE-B2AC-60592A1F2E86}
	EndGlobalSection
EndGlobal
